# This file was autogenerated by Stack.
# You should not edit this file by hand.
# For more information, please see the documentation at:
#   https://docs.haskellstack.org/en/stable/lock_files

packages:
- completed:
    hackage: gtk2hs-buildtools-0.13.8.0@sha256:132f38155fc677430a47ea750918973161c876fb6f281d342ac2f07eb99229ce,5238
    pantry-tree:
      size: 3588
      sha256: 4552e3c0f2ef0f16285c38898d7e2b6aeea67d4e37cd203b0c82f70592096c45
  original:
    hackage: gtk2hs-buildtools-0.13.8.0
- completed:
    hackage: glib-0.13.8.1@sha256:42670daf0c85309281e08ba8559df75daa2e3be642e79fdfa781bef5e59658b0,3156
    pantry-tree:
      size: 1625
      sha256: 1167575db8823b7a9f5fbaebdbc0ea5cef54301e442754ec256ba9371bd388e7
  original:
    hackage: glib-0.13.8.1
- completed:
    hackage: cairo-0.13.8.1@sha256:1938aaeb5d3504678d995774dfe870f6b66cbd43d336b692fa8779b23b2b67a9,4075
    pantry-tree:
      size: 2830
      sha256: 8f6344da4c578a4dd3a49c333e2158b695bfae32a74d34a76bbc6e531b70c95c
  original:
    hackage: cairo-0.13.8.1
- completed:
    hackage: pango-0.13.8.1@sha256:877b121c0bf87c96d3619effae6751ecfd74b7f7f3227cf3fde012597aed5ed9,3917
    pantry-tree:
      size: 1506
      sha256: eec456a3d16f1a9305196a86a7c49a6f2cfe1b041a50b02059dc4898a07a3bd9
  original:
    hackage: pango-0.13.8.1
- completed:
    hackage: gi-gtk-3.0.37@sha256:204aacdd5174804d260bef9d5302a8e9598c9c498ff4f3d170e172f4e2db099f,39231
    pantry-tree:
      size: 359
      sha256: 214f1f7599d99b2be3053a5743f8c04a084d0d0e6bf362711f65574ddda94042
  original:
    hackage: gi-gtk-3.0.37
- completed:
    hackage: gi-gdk-3.0.24@sha256:dd8e8d6d84f901832e97b75df3e26102830743eb848283677b84a2ecc48060f6,9000
    pantry-tree:
      size: 356
      sha256: d8c627227d6f6e6ec7788e3dd4f5e9f6956083751b0495b8e25da0a4bae6ef17
  original:
    hackage: gi-gdk-3.0.24
- completed:
    hackage: gi-gdkpixbuf-2.0.26@sha256:3a251eadbcaf1244707d6ed7fb99c98d9f3cd2a8472868d2e00896cb0d260044,4373
    pantry-tree:
      size: 368
      sha256: 1fc55de2986be544ccc6241df7ef26b285fbe0de319d2f7b117b0121dc1772cb
  original:
    hackage: gi-gdkpixbuf-2.0.26
- completed:
    hackage: gi-gmodule-2.0.1@sha256:90513586d8ab5a7d526afe35b7a5cb29b1001b4a6a68eca3b8ef60d3cb9690a1,2701
    pantry-tree:
      size: 304
      sha256: 5c115ce1f1aebe8ee276d1d2aaed2f63cf2210a9aa0e8f01c348c3f4dc1f14a8
  original:
    hackage: gi-gmodule-2.0.1
- completed:
    hackage: gi-atk-2.0.23@sha256:ee8075cd8e5f6c9631e30dc53a2e2909493904371fc8d48f0287468106de91f0,6788
    pantry-tree:
      size: 355
      sha256: 9087a911cfc437dc8343c2de359fb1da5dc5938938cc3aa3fa8e02c606cb405a
  original:
    hackage: gi-atk-2.0.23
- completed:
    hackage: gi-cairo-1.0.25@sha256:caabaa38e165579f4e03449de613348e34cb786a140f0f7bd0e3021d80e08f9e,3724
    pantry-tree:
      size: 358
      sha256: 726f7b98ba9abaa383fa8e12e7ae27e0e05d61d7c05d28b18cdbd79362f88aba
  original:
    hackage: gi-cairo-1.0.25
- completed:
    hackage: gi-gio-2.0.28@sha256:4e87ee00ad723bd4047c0b0e7ec1e9ba742f53dc75a07a1cfbb73edbaa3b09bb,21978
    pantry-tree:
      size: 359
      sha256: 456b235025e15ca799916f4ddd62a15402cc0eb8c1d32456bd387c39eb59e55f
  original:
    hackage: gi-gio-2.0.28
- completed:
    hackage: gi-gobject-2.0.26@sha256:78d8aa6092fd333da92899c695c7d925bd3cf444fa2ebab7be0c3b9d67c37fbe,9344
    pantry-tree:
      size: 364
      sha256: ae04b68af317f11ccb6078b85ce262c0b9a5d21405ff6ae4e86ecaa34fa65683
  original:
    hackage: gi-gobject-2.0.26
- completed:
    hackage: gi-harfbuzz-0.0.4@sha256:fdde7037a9ceba04c1907a07837b6a274bd34b9ac52223395453a704eb51d142,5864
    pantry-tree:
      size: 364
      sha256: 31bde8bc8f2bb5c1cb495ca8515306a641f3fc6475bed6567dd687f366b9c68b
  original:
    hackage: gi-harfbuzz-0.0.4
- completed:
    hackage: gi-pango-1.0.24@sha256:b173171df1f107fab51b958dfd91bcb1481a528f7c21b132b029078f9e0d1a9b,8230
    pantry-tree:
      size: 360
      sha256: d2e9b2a2396c9bb17075caaf252877315105124574c008b633fec3b74fd69cf3
  original:
    hackage: gi-pango-1.0.24
- completed:
    hackage: haskell-gi-0.25.0@sha256:9731d9d8fb214ff803e2fbd42b4d1187448975ca263a33ddcd873218de2cdda1,5184
    pantry-tree:
      size: 4269
      sha256: a92da07779018635b36e3d4c9607d1ead023f567cea16070f98465227f49637c
  original:
    hackage: haskell-gi-0.25.0
- completed:
    hackage: haskell-gi-base-0.25.0@sha256:697f02ff63eb3659cd0e04f957100564ff3dfa73ac822c4f8856187ed083329f,2435
    pantry-tree:
      size: 1937
      sha256: fa566e425692636f876bb503e9eebb94d099e5f1c3f8bd4719528e8ee06c58f6
  original:
    hackage: haskell-gi-base-0.25.0
- completed:
    hackage: gi-glib-2.0.25@sha256:a4060e957f4c9d749f77c35022f266cb14b4ce0781cd5511bd6bb0e539f42f7b,9751
    pantry-tree:
      size: 359
      sha256: 9f0cad22e7f3bcf3f2501ab16b9a4950e7a6fdcd8abebd126c1f697bff19efd7
  original:
    hackage: gi-glib-2.0.25
- completed:
    hackage: reactive-banana-1.2.1.0@sha256:af0a41dec95e1478acd5280f0fdde51afddf9fbfa4e0a4c226a2c6fa65702796,3975
    pantry-tree:
      size: 2443
      sha256: 367a55194ed03065dd7cf9e63c851ae4fe56f8533d07cdfe751fa68da9c7d66d
  original:
    hackage: reactive-banana-1.2.1.0
snapshots:
- completed:
    size: 567679
    url: https://raw.githubusercontent.com/commercialhaskell/stackage-snapshots/master/lts/17/15.yaml
    sha256: 72e87841a0ab5b72f6f018e8ee692fd972b7bb32a944990f028e10d6eb528e63
  original:
    url: https://raw.githubusercontent.com/commercialhaskell/stackage-snapshots/master/lts/17/15.yaml
